
Microsoft Visual Studio Solution File, Format Version 12.00
# Visual Studio Version 17
VisualStudioVersion = 17.8.34408.163
MinimumVisualStudioVersion = 10.0.40219.1
Project("{FAE04EC0-301F-11D3-BF4B-00C04F79EFBC}") = "Assignment-Kubernetes", "Assignment-Kubernetes\Assignment-Kubernetes.csproj", "{0B42A449-D946-49F6-80B9-BA7DE7AA9196}"
EndProject
Global
	GlobalSection(SolutionConfigurationPlatforms) = preSolution
		Debug|Any CPU = Debug|Any CPU
		Release|Any CPU = Release|Any CPU
	EndGlobalSection
	GlobalSection(ProjectConfigurationPlatforms) = postSolution
		{0B42A449-D946-49F6-80B9-BA7DE7AA9196}.Debug|Any CPU.ActiveCfg = Debug|Any CPU
		{0B42A449-D946-49F6-80B9-BA7DE7AA9196}.Debug|Any CPU.Build.0 = Debug|Any CPU
		{0B42A449-D946-49F6-80B9-BA7DE7AA9196}.Release|Any CPU.ActiveCfg = Release|Any CPU
		{0B42A449-D946-49F6-80B9-BA7DE7AA9196}.Release|Any CPU.Build.0 = Release|Any CPU
	EndGlobalSection
	GlobalSection(SolutionProperties) = preSolution
		HideSolutionNode = FALSE
	EndGlobalSection
	GlobalSection(ExtensibilityGlobals) = postSolution
		SolutionGuid = {AC3FBD92-E167-4423-A866-497A4657CCC0}
	EndGlobalSection
EndGlobal
